// !$*UTF8*$!
{
	archiveVersion = 1;
	classes = {
	};
	objectVersion = 46;
	objects = {

/* Begin PBXBuildFile section */
		07E91AA21F70A5F200F59888 /* AppDelegate.swift in Sources */ = {isa = PBXBuildFile; fileRef = 07E91AA11F70A5F200F59888 /* AppDelegate.swift */; };
		07E91AA41F70A5F200F59888 /* ViewController.swift in Sources */ = {isa = PBXBuildFile; fileRef = 07E91AA31F70A5F200F59888 /* ViewController.swift */; };
		07E91AA71F70A5F200F59888 /* Main.storyboard in Resources */ = {isa = PBXBuildFile; fileRef = 07E91AA51F70A5F200F59888 /* Main.storyboard */; };
		07E91AA91F70A5F200F59888 /* Assets.xcassets in Resources */ = {isa = PBXBuildFile; fileRef = 07E91AA81F70A5F200F59888 /* Assets.xcassets */; };
		07E91AAC1F70A5F200F59888 /* LaunchScreen.storyboard in Resources */ = {isa = PBXBuildFile; fileRef = 07E91AAA1F70A5F200F59888 /* LaunchScreen.storyboard */; };
		07E91AB71F70A5F200F59888 /* Homework_1Tests.swift in Sources */ = {isa = PBXBuildFile; fileRef = 07E91AB61F70A5F200F59888 /* Homework_1Tests.swift */; };
		07E91AC21F70A5F300F59888 /* Homework_1UITests.swift in Sources */ = {isa = PBXBuildFile; fileRef = 07E91AC11F70A5F300F59888 /* Homework_1UITests.swift */; };
		07E91AD01F7A334B00F59888 /* SummaryViewController.swift in Sources */ = {isa = PBXBuildFile; fileRef = 07E91ACF1F7A334B00F59888 /* SummaryViewController.swift */; };
		07E91AD21F7A3E7100F59888 /* DayHealthData.swift in Sources */ = {isa = PBXBuildFile; fileRef = 07E91AD11F7A3E7100F59888 /* DayHealthData.swift */; };
/* End PBXBuildFile section */

/* Begin PBXContainerItemProxy section */
		07E91AB31F70A5F200F59888 /* PBXContainerItemProxy */ = {
			isa = PBXContainerItemProxy;
			containerPortal = 07E91A961F70A5F200F59888 /* Project object */;
			proxyType = 1;
			remoteGlobalIDString = 07E91A9D1F70A5F200F59888;
			remoteInfo = "Homework 1";
		};
		07E91ABE1F70A5F300F59888 /* PBXContainerItemProxy */ = {
			isa = PBXContainerItemProxy;
			containerPortal = 07E91A961F70A5F200F59888 /* Project object */;
			proxyType = 1;
			remoteGlobalIDString = 07E91A9D1F70A5F200F59888;
			remoteInfo = "Homework 1";
		};
/* End PBXContainerItemProxy section */

/* Begin PBXFileReference section */
		07E91A9E1F70A5F200F59888 /* Homework 1.app */ = {isa = PBXFileReference; explicitFileType = wrapper.application; includeInIndex = 0; path = "Homework 1.app"; sourceTree = BUILT_PRODUCTS_DIR; };
		07E91AA11F70A5F200F59888 /* AppDelegate.swift */ = {isa = PBXFileReference; lastKnownFileType = sourcecode.swift; path = AppDelegate.swift; sourceTree = "<group>"; };
		07E91AA31F70A5F200F59888 /* ViewController.swift */ = {isa = PBXFileReference; lastKnownFileType = sourcecode.swift; path = ViewController.swift; sourceTree = "<group>"; };
		07E91AA61F70A5F200F59888 /* Base */ = {isa = PBXFileReference; lastKnownFileType = file.storyboard; name = Base; path = Base.lproj/Main.storyboard; sourceTree = "<group>"; };
		07E91AA81F70A5F200F59888 /* Assets.xcassets */ = {isa = PBXFileReference; lastKnownFileType = folder.assetcatalog; path = Assets.xcassets; sourceTree = "<group>"; };
		07E91AAB1F70A5F200F59888 /* Base */ = {isa = PBXFileReference; lastKnownFileType = file.storyboard; name = Base; path = Base.lproj/LaunchScreen.storyboard; sourceTree = "<group>"; };
		07E91AAD1F70A5F200F59888 /* Info.plist */ = {isa = PBXFileReference; lastKnownFileType = text.plist.xml; path = Info.plist; sourceTree = "<group>"; };
		07E91AB21F70A5F200F59888 /* Homework 1Tests.xctest */ = {isa = PBXFileReference; explicitFileType = wrapper.cfbundle; includeInIndex = 0; path = "Homework 1Tests.xctest"; sourceTree = BUILT_PRODUCTS_DIR; };
		07E91AB61F70A5F200F59888 /* Homework_1Tests.swift */ = {isa = PBXFileReference; lastKnownFileType = sourcecode.swift; path = Homework_1Tests.swift; sourceTree = "<group>"; };
		07E91AB81F70A5F200F59888 /* Info.plist */ = {isa = PBXFileReference; lastKnownFileType = text.plist.xml; path = Info.plist; sourceTree = "<group>"; };
		07E91ABD1F70A5F300F59888 /* Homework 1UITests.xctest */ = {isa = PBXFileReference; explicitFileType = wrapper.cfbundle; includeInIndex = 0; path = "Homework 1UITests.xctest"; sourceTree = BUILT_PRODUCTS_DIR; };
		07E91AC11F70A5F300F59888 /* Homework_1UITests.swift */ = {isa = PBXFileReference; lastKnownFileType = sourcecode.swift; path = Homework_1UITests.swift; sourceTree = "<group>"; };
		07E91AC31F70A5F300F59888 /* Info.plist */ = {isa = PBXFileReference; lastKnownFileType = text.plist.xml; path = Info.plist; sourceTree = "<group>"; };
		07E91ACF1F7A334B00F59888 /* SummaryViewController.swift */ = {isa = PBXFileReference; fileEncoding = 4; lastKnownFileType = sourcecode.swift; path = SummaryViewController.swift; sourceTree = "<group>"; };
		07E91AD11F7A3E7100F59888 /* DayHealthData.swift */ = {isa = PBXFileReference; fileEncoding = 4; lastKnownFileType = sourcecode.swift; path = DayHealthData.swift; sourceTree = "<group>"; };
/* End PBXFileReference section */

/* Begin PBXFrameworksBuildPhase section */
		07E91A9B1F70A5F200F59888 /* Frameworks */ = {
			isa = PBXFrameworksBuildPhase;
			buildActionMask = 2147483647;
			files = (
			);
			runOnlyForDeploymentPostprocessing = 0;
		};
		07E91AAF1F70A5F200F59888 /* Frameworks */ = {
			isa = PBXFrameworksBuildPhase;
			buildActionMask = 2147483647;
			files = (
			);
			runOnlyForDeploymentPostprocessing = 0;
		};
		07E91ABA1F70A5F300F59888 /* Frameworks */ = {
			isa = PBXFrameworksBuildPhase;
			buildActionMask = 2147483647;
			files = (
			);
			runOnlyForDeploymentPostprocessing = 0;
		};
/* End PBXFrameworksBuildPhase section */

/* Begin PBXGroup section */
		07E91A951F70A5F200F59888 = {
			isa = PBXGroup;
			children = (
				07E91AA01F70A5F200F59888 /* Homework 1 */,
				07E91AB51F70A5F200F59888 /* Homework 1Tests */,
				07E91AC01F70A5F300F59888 /* Homework 1UITests */,
				07E91A9F1F70A5F200F59888 /* Products */,
			);
			sourceTree = "<group>";
		};
		07E91A9F1F70A5F200F59888 /* Products */ = {
			isa = PBXGroup;
			children = (
				07E91A9E1F70A5F200F59888 /* Homework 1.app */,
				07E91AB21F70A5F200F59888 /* Homework 1Tests.xctest */,
				07E91ABD1F70A5F300F59888 /* Homework 1UITests.xctest */,
			);
			name = Products;
			sourceTree = "<group>";
		};
		07E91AA01F70A5F200F59888 /* Homework 1 */ = {
			isa = PBXGroup;
			children = (
				07E91AA11F70A5F200F59888 /* AppDelegate.swift */,
				07E91AA31F70A5F200F59888 /* ViewController.swift */,
				07E91ACF1F7A334B00F59888 /* SummaryViewController.swift */,
				07E91AA51F70A5F200F59888 /* Main.storyboard */,
				07E91AA81F70A5F200F59888 /* Assets.xcassets */,
				07E91AAA1F70A5F200F59888 /* LaunchScreen.storyboard */,
				07E91AAD1F70A5F200F59888 /* Info.plist */,
				07E91AD11F7A3E7100F59888 /* DayHealthData.swift */,
			);
			path = "Homework 1";
			sourceTree = "<group>";
		};
		07E91AB51F70A5F200F59888 /* Homework 1Tests */ = {
			isa = PBXGroup;
			children = (
				07E91AB61F70A5F200F59888 /* Homework_1Tests.swift */,
				07E91AB81F70A5F200F59888 /* Info.plist */,
			);
			path = "Homework 1Tests";
			sourceTree = "<group>";
		};
		07E91AC01F70A5F300F59888 /* Homework 1UITests */ = {
			isa = PBXGroup;
			children = (
				07E91AC11F70A5F300F59888 /* Homework_1UITests.swift */,
				07E91AC31F70A5F300F59888 /* Info.plist */,
			);
			path = "Homework 1UITests";
			sourceTree = "<group>";
		};
/* End PBXGroup section */

/* Begin PBXNativeTarget section */
		07E91A9D1F70A5F200F59888 /* Homework 1 */ = {
			isa = PBXNativeTarget;
			buildConfigurationList = 07E91AC61F70A5F300F59888 /* Build configuration list for PBXNativeTarget "Homework 1" */;
			buildPhases = (
				07E91A9A1F70A5F200F59888 /* Sources */,
				07E91A9B1F70A5F200F59888 /* Frameworks */,
				07E91A9C1F70A5F200F59888 /* Resources */,
			);
			buildRules = (
			);
			dependencies = (
			);
			name = "Homework 1";
			productName = "Homework 1";
			productReference = 07E91A9E1F70A5F200F59888 /* Homework 1.app */;
			productType = "com.apple.product-type.application";
		};
		07E91AB11F70A5F200F59888 /* Homework 1Tests */ = {
			isa = PBXNativeTarget;
			buildConfigurationList = 07E91AC91F70A5F300F59888 /* Build configuration list for PBXNativeTarget "Homework 1Tests" */;
			buildPhases = (
				07E91AAE1F70A5F200F59888 /* Sources */,
				07E91AAF1F70A5F200F59888 /* Frameworks */,
				07E91AB01F70A5F200F59888 /* Resources */,
			);
			buildRules = (
			);
			dependencies = (
				07E91AB41F70A5F200F59888 /* PBXTargetDependency */,
			);
			name = "Homework 1Tests";
			productName = "Homework 1Tests";
			productReference = 07E91AB21F70A5F200F59888 /* Homework 1Tests.xctest */;
			productType = "com.apple.product-type.bundle.unit-test";
		};
		07E91ABC1F70A5F300F59888 /* Homework 1UITests */ = {
			isa = PBXNativeTarget;
			buildConfigurationList = 07E91ACC1F70A5F300F59888 /* Build configuration list for PBXNativeTarget "Homework 1UITests" */;
			buildPhases = (
				07E91AB91F70A5F300F59888 /* Sources */,
				07E91ABA1F70A5F300F59888 /* Frameworks */,
				07E91ABB1F70A5F300F59888 /* Resources */,
			);
			buildRules = (
			);
			dependencies = (
				07E91ABF1F70A5F300F59888 /* PBXTargetDependency */,
			);
			name = "Homework 1UITests";
			productName = "Homework 1UITests";
			productReference = 07E91ABD1F70A5F300F59888 /* Homework 1UITests.xctest */;
			productType = "com.apple.product-type.bundle.ui-testing";
		};
/* End PBXNativeTarget section */

/* Begin PBXProject section */
		07E91A961F70A5F200F59888 /* Project object */ = {
			isa = PBXProject;
			attributes = {
				LastSwiftUpdateCheck = 0830;
				LastUpgradeCheck = 0830;
				ORGANIZATIONNAME = "Omar Perez";
				TargetAttributes = {
					07E91A9D1F70A5F200F59888 = {
						CreatedOnToolsVersion = 8.3.3;
						ProvisioningStyle = Automatic;
					};
					07E91AB11F70A5F200F59888 = {
						CreatedOnToolsVersion = 8.3.3;
						ProvisioningStyle = Automatic;
						TestTargetID = 07E91A9D1F70A5F200F59888;
					};
					07E91ABC1F70A5F300F59888 = {
						CreatedOnToolsVersion = 8.3.3;
						ProvisioningStyle = Automatic;
						TestTargetID = 07E91A9D1F70A5F200F59888;
					};
				};
			};
			buildConfigurationList = 07E91A991F70A5F200F59888 /* Build configuration list for PBXProject "Homework 1" */;
			compatibilityVersion = "Xcode 3.2";
			developmentRegion = English;
			hasScannedForEncodings = 0;
			knownRegions = (
				en,
				Base,
			);
			mainGroup = 07E91A951F70A5F200F59888;
			productRefGroup = 07E91A9F1F70A5F200F59888 /* Products */;
			projectDirPath = "";
			projectRoot = "";
			targets = (
				07E91A9D1F70A5F200F59888 /* Homework 1 */,
				07E91AB11F70A5F200F59888 /* Homework 1Tests */,
				07E91ABC1F70A5F300F59888 /* Homework 1UITests */,
			);
		};
/* End PBXProject section */

/* Begin PBXResourcesBuildPhase section */
		07E91A9C1F70A5F200F59888 /* Resources */ = {
			isa = PBXResourcesBuildPhase;
			buildActionMask = 2147483647;
			files = (
				07E91AAC1F70A5F200F59888 /* LaunchScreen.storyboard in Resources */,
				07E91AA91F70A5F200F59888 /* Assets.xcassets in Resources */,
				07E91AA71F70A5F200F59888 /* Main.storyboard in Resources */,
			);
			runOnlyForDeploymentPostprocessing = 0;
		};
		07E91AB01F70A5F200F59888 /* Resources */ = {
			isa = PBXResourcesBuildPhase;
			buildActionMask = 2147483647;
			files = (
			);
			runOnlyForDeploymentPostprocessing = 0;
		};
		07E91ABB1F70A5F300F59888 /* Resources */ = {
			isa = PBXResourcesBuildPhase;
			buildActionMask = 2147483647;
			files = (
			);
			runOnlyForDeploymentPostprocessing = 0;
		};
/* End PBXResourcesBuildPhase section */

/* Begin PBXSourcesBuildPhase section */
		07E91A9A1F70A5F200F59888 /* Sources */ = {
			isa = PBXSourcesBuildPhase;
			buildActionMask = 2147483647;
			files = (
				07E91AD21F7A3E7100F59888 /* DayHealthData.swift in Sources */,
				07E91AA41F70A5F200F59888 /* ViewController.swift in Sources */,
				07E91AA21F70A5F200F59888 /* AppDelegate.swift in Sources */,
				07E91AD01F7A334B00F59888 /* SummaryViewController.swift in Sources */,
			);
			runOnlyForDeploymentPostprocessing = 0;
		};
		07E91AAE1F70A5F200F59888 /* Sources */ = {
			isa = PBXSourcesBuildPhase;
			buildActionMask = 2147483647;
			files = (
				07E91AB71F70A5F200F59888 /* Homework_1Tests.swift in Sources */,
			);
			runOnlyForDeploymentPostprocessing = 0;
		};
		07E91AB91F70A5F300F59888 /* Sources */ = {
			isa = PBXSourcesBuildPhase;
			buildActionMask = 2147483647;
			files = (
				07E91AC21F70A5F300F59888 /* Homework_1UITests.swift in Sources */,
			);
			runOnlyForDeploymentPostprocessing = 0;
		};
/* End PBXSourcesBuildPhase section */

/* Begin PBXTargetDependency section */
		07E91AB41F70A5F200F59888 /* PBXTargetDependency */ = {
			isa = PBXTargetDependency;
			target = 07E91A9D1F70A5F200F59888 /* Homework 1 */;
			targetProxy = 07E91AB31F70A5F200F59888 /* PBXContainerItemProxy */;
		};
		07E91ABF1F70A5F300F59888 /* PBXTargetDependency */ = {
			isa = PBXTargetDependency;
			target = 07E91A9D1F70A5F200F59888 /* Homework 1 */;
			targetProxy = 07E91ABE1F70A5F300F59888 /* PBXContainerItemProxy */;
		};
/* End PBXTargetDependency section */

/* Begin PBXVariantGroup section */
		07E91AA51F70A5F200F59888 /* Main.storyboard */ = {
			isa = PBXVariantGroup;
			children = (
				07E91AA61F70A5F200F59888 /* Base */,
			);
			name = Main.storyboard;
			sourceTree = "<group>";
		};
		07E91AAA1F70A5F200F59888 /* LaunchScreen.storyboard */ = {
			isa = PBXVariantGroup;
			children = (
				07E91AAB1F70A5F200F59888 /* Base */,
			);
			name = LaunchScreen.storyboard;
			sourceTree = "<group>";
		};
/* End PBXVariantGroup section */

/* Begin XCBuildConfiguration section */
		07E91AC41F70A5F300F59888 /* Debug */ = {
			isa = XCBuildConfiguration;
			buildSettings = {
				ALWAYS_SEARCH_USER_PATHS = NO;
				CLANG_ANALYZER_NONNULL = YES;
				CLANG_ANALYZER_NUMBER_OBJECT_CONVERSION = YES_AGGRESSIVE;
				CLANG_CXX_LANGUAGE_STANDARD = "gnu++0x";
				CLANG_CXX_LIBRARY = "libc++";
				CLANG_ENABLE_MODULES = YES;
				CLANG_ENABLE_OBJC_ARC = YES;
				CLANG_WARN_BOOL_CONVERSION = YES;
				CLANG_WARN_CONSTANT_CONVERSION = YES;
				CLANG_WARN_DIRECT_OBJC_ISA_USAGE = YES_ERROR;
				CLANG_WARN_DOCUMENTATION_COMMENTS = YES;
				CLANG_WARN_EMPTY_BODY = YES;
				CLANG_WARN_ENUM_CONVERSION = YES;
				CLANG_WARN_INFINITE_RECURSION = YES;
				CLANG_WARN_INT_CONVERSION = YES;
				CLANG_WARN_OBJC_ROOT_CLASS = YES_ERROR;
				CLANG_WARN_SUSPICIOUS_MOVE = YES;
				CLANG_WARN_UNREACHABLE_CODE = YES;
				CLANG_WARN__DUPLICATE_METHOD_MATCH = YES;
				"CODE_SIGN_IDENTITY[sdk=iphoneos*]" = "iPhone Developer";
				COPY_PHASE_STRIP = NO;
				DEBUG_INFORMATION_FORMAT = dwarf;
				ENABLE_STRICT_OBJC_MSGSEND = YES;
				ENABLE_TESTABILITY = YES;
				GCC_C_LANGUAGE_STANDARD = gnu99;
				GCC_DYNAMIC_NO_PIC = NO;
				GCC_NO_COMMON_BLOCKS = YES;
				GCC_OPTIMIZATION_LEVEL = 0;
				GCC_PREPROCESSOR_DEFINITIONS = (
					"DEBUG=1",
					"$(inherited)",
				);
				GCC_WARN_64_TO_32_BIT_CONVERSION = YES;
				GCC_WARN_ABOUT_RETURN_TYPE = YES_ERROR;
				GCC_WARN_UNDECLARED_SELECTOR = YES;
				GCC_WARN_UNINITIALIZED_AUTOS = YES_AGGRESSIVE;
				GCC_WARN_UNUSED_FUNCTION = YES;
				GCC_WARN_UNUSED_VARIABLE = YES;
				IPHONEOS_DEPLOYMENT_TARGET = 10.3;
				MTL_ENABLE_DEBUG_INFO = YES;
				ONLY_ACTIVE_ARCH = YES;
				SDKROOT = iphoneos;
				SWIFT_ACTIVE_COMPILATION_CONDITIONS = DEBUG;
				SWIFT_OPTIMIZATION_LEVEL = "-Onone";
				TARGETED_DEVICE_FAMILY = "1,2";
			};
			name = Debug;
		};
		07E91AC51F70A5F300F59888 /* Release */ = {
			isa = XCBuildConfiguration;
			buildSettings = {
				ALWAYS_SEARCH_USER_PATHS = NO;
				CLANG_ANALYZER_NONNULL = YES;
				CLANG_ANALYZER_NUMBER_OBJECT_CONVERSION = YES_AGGRESSIVE;
				CLANG_CXX_LANGUAGE_STANDARD = "gnu++0x";
				CLANG_CXX_LIBRARY = "libc++";
				CLANG_ENABLE_MODULES = YES;
				CLANG_ENABLE_OBJC_ARC = YES;
				CLANG_WARN_BOOL_CONVERSION = YES;
				CLANG_WARN_CONSTANT_CONVERSION = YES;
				CLANG_WARN_DIRECT_OBJC_ISA_USAGE = YES_ERROR;
				CLANG_WARN_DOCUMENTATION_COMMENTS = YES;
				CLANG_WARN_EMPTY_BODY = YES;
				CLANG_WARN_ENUM_CONVERSION = YES;
				CLANG_WARN_INFINITE_RECURSION = YES;
				CLANG_WARN_INT_CONVERSION = YES;
				CLANG_WARN_OBJC_ROOT_CLASS = YES_ERROR;
				CLANG_WARN_SUSPICIOUS_MOVE = YES;
				CLANG_WARN_UNREACHABLE_CODE = YES;
				CLANG_WARN__DUPLICATE_METHOD_MATCH = YES;
				"CODE_SIGN_IDENTITY[sdk=iphoneos*]" = "iPhone Developer";
				COPY_PHASE_STRIP = NO;
				DEBUG_INFORMATION_FORMAT = "dwarf-with-dsym";
				ENABLE_NS_ASSERTIONS = NO;
				ENABLE_STRICT_OBJC_MSGSEND = YES;
				GCC_C_LANGUAGE_STANDARD = gnu99;
				GCC_NO_COMMON_BLOCKS = YES;
				GCC_WARN_64_TO_32_BIT_CONVERSION = YES;
				GCC_WARN_ABOUT_RETURN_TYPE = YES_ERROR;
				GCC_WARN_UNDECLARED_SELECTOR = YES;
				GCC_WARN_UNINITIALIZED_AUTOS = YES_AGGRESSIVE;
				GCC_WARN_UNUSED_FUNCTION = YES;
				GCC_WARN_UNUSED_VARIABLE = YES;
				IPHONEOS_DEPLOYMENT_TARGET = 10.3;
				MTL_ENABLE_DEBUG_INFO = NO;
				SDKROOT = iphoneos;
				SWIFT_OPTIMIZATION_LEVEL = "-Owholemodule";
				TARGETED_DEVICE_FAMILY = "1,2";
				VALIDATE_PRODUCT = YES;
			};
			name = Release;
		};
		07E91AC71F70A5F300F59888 /* Debug */ = {
			isa = XCBuildConfiguration;
			buildSettings = {
				ASSETCATALOG_COMPILER_APPICON_NAME = AppIcon;
				DEVELOPMENT_TEAM = "";
				INFOPLIST_FILE = "Homework 1/Info.plist";
				LD_RUNPATH_SEARCH_PATHS = "$(inherited) @executable_path/Frameworks";
				PRODUCT_BUNDLE_IDENTIFIER = "com.CSE355.Homework-1";
				PRODUCT_NAME = "$(TARGET_NAME)";
				SWIFT_VERSION = 3.0;
			};
			name = Debug;
		};
		07E91AC81F70A5F300F59888 /* Release */ = {
			isa = XCBuildConfiguration;
			buildSettings = {
				ASSETCATALOG_COMPILER_APPICON_NAME = AppIcon;
				DEVELOPMENT_TEAM = "";
				INFOPLIST_FILE = "Homework 1/Info.plist";
				LD_RUNPATH_SEARCH_PATHS = "$(inherited) @executable_path/Frameworks";
				PRODUCT_BUNDLE_IDENTIFIER = "com.CSE355.Homework-1";
				PRODUCT_NAME = "$(TARGET_NAME)";
				SWIFT_VERSION = 3.0;
			};
			name = Release;
		};
		07E91ACA1F70A5F300F59888 /* Debug */ = {
			isa = XCBuildConfiguration;
			buildSettings = {
				ALWAYS_EMBED_SWIFT_STANDARD_LIBRARIES = YES;
				BUNDLE_LOADER = "$(TEST_HOST)";
				INFOPLIST_FILE = "Homework 1Tests/Info.plist";
				LD_RUNPATH_SEARCH_PATHS = "$(inherited) @executable_path/Frameworks @loader_path/Frameworks";
				PRODUCT_BUNDLE_IDENTIFIER = "com.CSE355.Homework-1Tests";
				PRODUCT_NAME = "$(TARGET_NAME)";
				SWIFT_VERSION = 3.0;
				TEST_HOST = "$(BUILT_PRODUCTS_DIR)/Homework 1.app/Homework 1";
			};
			name = Debug;
		};
		07E91ACB1F70A5F300F59888 /* Release */ = {
			isa = XCBuildConfiguration;
			buildSettings = {
				ALWAYS_EMBED_SWIFT_STANDARD_LIBRARIES = YES;
				BUNDLE_LOADER = "$(TEST_HOST)";
				INFOPLIST_FILE = "Homework 1Tests/Info.plist";
				LD_RUNPATH_SEARCH_PATHS = "$(inherited) @executable_path/Frameworks @loader_path/Frameworks";
				PRODUCT_BUNDLE_IDENTIFIER = "com.CSE355.Homework-1Tests";
				PRODUCT_NAME = "$(TARGET_NAME)";
				SWIFT_VERSION = 3.0;
				TEST_HOST = "$(BUILT_PRODUCTS_DIR)/Homework 1.app/Homework 1";
			};
			name = Release;
		};
		07E91ACD1F70A5F300F59888 /* Debug */ = {
			isa = XCBuildConfiguration;
			buildSettings = {
				ALWAYS_EMBED_SWIFT_STANDARD_LIBRARIES = YES;
				INFOPLIST_FILE = "Homework 1UITests/Info.plist";
				LD_RUNPATH_SEARCH_PATHS = "$(inherited) @executable_path/Frameworks @loader_path/Frameworks";
				PRODUCT_BUNDLE_IDENTIFIER = "com.CSE355.Homework-1UITests";
				PRODUCT_NAME = "$(TARGET_NAME)";
				SWIFT_VERSION = 3.0;
				TEST_TARGET_NAME = "Homework 1";
			};
			name = Debug;
		};
		07E91ACE1F70A5F300F59888 /* Release */ = {
			isa = XCBuildConfiguration;
			buildSettings = {
				ALWAYS_EMBED_SWIFT_STANDARD_LIBRARIES = YES;
				INFOPLIST_FILE = "Homework 1UITests/Info.plist";
				LD_RUNPATH_SEARCH_PATHS = "$(inherited) @executable_path/Frameworks @loader_path/Frameworks";
				PRODUCT_BUNDLE_IDENTIFIER = "com.CSE355.Homework-1UITests";
				PRODUCT_NAME = "$(TARGET_NAME)";
				SWIFT_VERSION = 3.0;
				TEST_TARGET_NAME = "Homework 1";
			};
			name = Release;
		};
/* End XCBuildConfiguration section */

/* Begin XCConfigurationList section */
		07E91A991F70A5F200F59888 /* Build configuration list for PBXProject "Homework 1" */ = {
			isa = XCConfigurationList;
			buildConfigurations = (
				07E91AC41F70A5F300F59888 /* Debug */,
				07E91AC51F70A5F300F59888 /* Release */,
			);
			defaultConfigurationIsVisible = 0;
			defaultConfigurationName = Release;
		};
		07E91AC61F70A5F300F59888 /* Build configuration list for PBXNativeTarget "Homework 1" */ = {
			isa = XCConfigurationList;
			buildConfigurations = (
				07E91AC71F70A5F300F59888 /* Debug */,
				07E91AC81F70A5F300F59888 /* Release */,
			);
			defaultConfigurationIsVisible = 0;
		};
		07E91AC91F70A5F300F59888 /* Build configuration list for PBXNativeTarget "Homework 1Tests" */ = {
			isa = XCConfigurationList;
			buildConfigurations = (
				07E91ACA1F70A5F300F59888 /* Debug */,
				07E91ACB1F70A5F300F59888 /* Release */,
			);
			defaultConfigurationIsVisible = 0;
		};
		07E91ACC1F70A5F300F59888 /* Build configuration list for PBXNativeTarget "Homework 1UITests" */ = {
			isa = XCConfigurationList;
			buildConfigurations = (
				07E91ACD1F70A5F300F59888 /* Debug */,
				07E91ACE1F70A5F300F59888 /* Release */,
			);
			defaultConfigurationIsVisible = 0;
		};
/* End XCConfigurationList section */
	};
	rootObject = 07E91A961F70A5F200F59888 /* Project object */;
}
